
Microsoft Visual Studio Solution File, Format Version 12.00
# Visual Studio Version 17
VisualStudioVersion = 17.5.33414.496
MinimumVisualStudioVersion = 10.0.40219.1
Project("{9A19103F-16F7-4668-BE54-9A1E7A4F7556}") = "Casse-brique", "Casse-brique.csproj", "{BAE0358C-A063-4FA6-9B95-9F17936A668E}"
EndProject
Project("{9A19103F-16F7-4668-BE54-9A1E7A4F7556}") = "Casse-brique.WebApi", "..\Casse-brique.WebApi\Casse-brique.WebApi.csproj", "{BC675385-F19F-4FB4-A785-937772F9D5ED}"
EndProject
Project("{9A19103F-16F7-4668-BE54-9A1E7A4F7556}") = "Casse-brique.Domain", "..\Casse-brique.Domain\Casse-brique.Domain.csproj", "{69769E12-674C-42EF-AFAF-BF129B9A66EB}"
EndProject
Project("{FAE04EC0-301F-11D3-BF4B-00C04F79EFBC}") = "Casse-brique.DAL", "..\Casse-brique.DAL\Casse-brique.DAL.csproj", "{5B300BF0-7D1E-4388-9BB4-D95B05B190C0}"
EndProject
Global
	GlobalSection(SolutionConfigurationPlatforms) = preSolution
		Debug|Any CPU = Debug|Any CPU
		ExportDebug|Any CPU = ExportDebug|Any CPU
		ExportRelease|Any CPU = ExportRelease|Any CPU
		Release|Any CPU = Release|Any CPU
	EndGlobalSection
	GlobalSection(ProjectConfigurationPlatforms) = postSolution
		{BAE0358C-A063-4FA6-9B95-9F17936A668E}.Debug|Any CPU.ActiveCfg = Debug|Any CPU
		{BAE0358C-A063-4FA6-9B95-9F17936A668E}.Debug|Any CPU.Build.0 = Debug|Any CPU
		{BAE0358C-A063-4FA6-9B95-9F17936A668E}.ExportDebug|Any CPU.ActiveCfg = ExportDebug|Any CPU
		{BAE0358C-A063-4FA6-9B95-9F17936A668E}.ExportDebug|Any CPU.Build.0 = ExportDebug|Any CPU
		{BAE0358C-A063-4FA6-9B95-9F17936A668E}.ExportRelease|Any CPU.ActiveCfg = ExportRelease|Any CPU
		{BAE0358C-A063-4FA6-9B95-9F17936A668E}.ExportRelease|Any CPU.Build.0 = ExportRelease|Any CPU
		{BAE0358C-A063-4FA6-9B95-9F17936A668E}.Release|Any CPU.ActiveCfg = ExportRelease|Any CPU
		{BAE0358C-A063-4FA6-9B95-9F17936A668E}.Release|Any CPU.Build.0 = ExportRelease|Any CPU
		{BC675385-F19F-4FB4-A785-937772F9D5ED}.Debug|Any CPU.ActiveCfg = Debug|Any CPU
		{BC675385-F19F-4FB4-A785-937772F9D5ED}.Debug|Any CPU.Build.0 = Debug|Any CPU
		{BC675385-F19F-4FB4-A785-937772F9D5ED}.ExportDebug|Any CPU.ActiveCfg = Debug|Any CPU
		{BC675385-F19F-4FB4-A785-937772F9D5ED}.ExportDebug|Any CPU.Build.0 = Debug|Any CPU
		{BC675385-F19F-4FB4-A785-937772F9D5ED}.ExportRelease|Any CPU.ActiveCfg = Release|Any CPU
		{BC675385-F19F-4FB4-A785-937772F9D5ED}.ExportRelease|Any CPU.Build.0 = Release|Any CPU
		{BC675385-F19F-4FB4-A785-937772F9D5ED}.Release|Any CPU.ActiveCfg = Release|Any CPU
		{BC675385-F19F-4FB4-A785-937772F9D5ED}.Release|Any CPU.Build.0 = Release|Any CPU
		{69769E12-674C-42EF-AFAF-BF129B9A66EB}.Debug|Any CPU.ActiveCfg = Debug|Any CPU
		{69769E12-674C-42EF-AFAF-BF129B9A66EB}.Debug|Any CPU.Build.0 = Debug|Any CPU
		{69769E12-674C-42EF-AFAF-BF129B9A66EB}.ExportDebug|Any CPU.ActiveCfg = Debug|Any CPU
		{69769E12-674C-42EF-AFAF-BF129B9A66EB}.ExportDebug|Any CPU.Build.0 = Debug|Any CPU
		{69769E12-674C-42EF-AFAF-BF129B9A66EB}.ExportRelease|Any CPU.ActiveCfg = Release|Any CPU
		{69769E12-674C-42EF-AFAF-BF129B9A66EB}.ExportRelease|Any CPU.Build.0 = Release|Any CPU
		{69769E12-674C-42EF-AFAF-BF129B9A66EB}.Release|Any CPU.ActiveCfg = Release|Any CPU
		{69769E12-674C-42EF-AFAF-BF129B9A66EB}.Release|Any CPU.Build.0 = Release|Any CPU
		{5B300BF0-7D1E-4388-9BB4-D95B05B190C0}.Debug|Any CPU.ActiveCfg = Debug|Any CPU
		{5B300BF0-7D1E-4388-9BB4-D95B05B190C0}.Debug|Any CPU.Build.0 = Debug|Any CPU
		{5B300BF0-7D1E-4388-9BB4-D95B05B190C0}.ExportDebug|Any CPU.ActiveCfg = Debug|Any CPU
		{5B300BF0-7D1E-4388-9BB4-D95B05B190C0}.ExportDebug|Any CPU.Build.0 = Debug|Any CPU
		{5B300BF0-7D1E-4388-9BB4-D95B05B190C0}.ExportRelease|Any CPU.ActiveCfg = Release|Any CPU
		{5B300BF0-7D1E-4388-9BB4-D95B05B190C0}.ExportRelease|Any CPU.Build.0 = Release|Any CPU
		{5B300BF0-7D1E-4388-9BB4-D95B05B190C0}.Release|Any CPU.ActiveCfg = Release|Any CPU
		{5B300BF0-7D1E-4388-9BB4-D95B05B190C0}.Release|Any CPU.Build.0 = Release|Any CPU
	EndGlobalSection
	GlobalSection(SolutionProperties) = preSolution
		HideSolutionNode = FALSE
	EndGlobalSection
	GlobalSection(ExtensibilityGlobals) = postSolution
		SolutionGuid = {4DBA0BA8-755E-4EF0-AE75-65AA64C5A2CE}
	EndGlobalSection
EndGlobal
